// !$*UTF8*$!
{
	archiveVersion = 1;
	classes = {
	};
	objectVersion = 56;
	objects = {

/* Begin PBXBuildFile section */
		424C1DCC2C465B17007E1149 /* EwaTestTaskApp.swift in Sources */ = {isa = PBXBuildFile; fileRef = 424C1DCB2C465B17007E1149 /* EwaTestTaskApp.swift */; };
		424C1DCE2C465B17007E1149 /* ContentView.swift in Sources */ = {isa = PBXBuildFile; fileRef = 424C1DCD2C465B17007E1149 /* ContentView.swift */; };
		424C1DD02C465B18007E1149 /* Assets.xcassets in Resources */ = {isa = PBXBuildFile; fileRef = 424C1DCF2C465B18007E1149 /* Assets.xcassets */; };
		424C1DD32C465B18007E1149 /* Preview Assets.xcassets in Resources */ = {isa = PBXBuildFile; fileRef = 424C1DD22C465B18007E1149 /* Preview Assets.xcassets */; };
		424C1DDB2C465B61007E1149 /* PrizeWheelView.swift in Sources */ = {isa = PBXBuildFile; fileRef = 424C1DDA2C465B61007E1149 /* PrizeWheelView.swift */; };
		424C1DDD2C465B80007E1149 /* PrizeWheelViewModel.swift in Sources */ = {isa = PBXBuildFile; fileRef = 424C1DDC2C465B80007E1149 /* PrizeWheelViewModel.swift */; };
		424C1DE92C467926007E1149 /* DebugInterfaceView.swift in Sources */ = {isa = PBXBuildFile; fileRef = 424C1DE82C467926007E1149 /* DebugInterfaceView.swift */; };
		424C1DEB2C467944007E1149 /* DayCounter.swift in Sources */ = {isa = PBXBuildFile; fileRef = 424C1DEA2C467944007E1149 /* DayCounter.swift */; };
		424C1DEE2C467960007E1149 /* BaseButton.swift in Sources */ = {isa = PBXBuildFile; fileRef = 424C1DED2C467960007E1149 /* BaseButton.swift */; };
/* End PBXBuildFile section */

/* Begin PBXFileReference section */
		424C1DC82C465B17007E1149 /* EwaTestTask.app */ = {isa = PBXFileReference; explicitFileType = wrapper.application; includeInIndex = 0; path = EwaTestTask.app; sourceTree = BUILT_PRODUCTS_DIR; };
		424C1DCB2C465B17007E1149 /* EwaTestTaskApp.swift */ = {isa = PBXFileReference; lastKnownFileType = sourcecode.swift; path = EwaTestTaskApp.swift; sourceTree = "<group>"; };
		424C1DCD2C465B17007E1149 /* ContentView.swift */ = {isa = PBXFileReference; lastKnownFileType = sourcecode.swift; path = ContentView.swift; sourceTree = "<group>"; };
		424C1DCF2C465B18007E1149 /* Assets.xcassets */ = {isa = PBXFileReference; lastKnownFileType = folder.assetcatalog; path = Assets.xcassets; sourceTree = "<group>"; };
		424C1DD22C465B18007E1149 /* Preview Assets.xcassets */ = {isa = PBXFileReference; lastKnownFileType = folder.assetcatalog; path = "Preview Assets.xcassets"; sourceTree = "<group>"; };
		424C1DDA2C465B61007E1149 /* PrizeWheelView.swift */ = {isa = PBXFileReference; lastKnownFileType = sourcecode.swift; path = PrizeWheelView.swift; sourceTree = "<group>"; };
		424C1DDC2C465B80007E1149 /* PrizeWheelViewModel.swift */ = {isa = PBXFileReference; lastKnownFileType = sourcecode.swift; path = PrizeWheelViewModel.swift; sourceTree = "<group>"; };
		424C1DE82C467926007E1149 /* DebugInterfaceView.swift */ = {isa = PBXFileReference; lastKnownFileType = sourcecode.swift; path = DebugInterfaceView.swift; sourceTree = "<group>"; };
		424C1DEA2C467944007E1149 /* DayCounter.swift */ = {isa = PBXFileReference; lastKnownFileType = sourcecode.swift; path = DayCounter.swift; sourceTree = "<group>"; };
		424C1DED2C467960007E1149 /* BaseButton.swift */ = {isa = PBXFileReference; lastKnownFileType = sourcecode.swift; path = BaseButton.swift; sourceTree = "<group>"; };
/* End PBXFileReference section */

/* Begin PBXFrameworksBuildPhase section */
		424C1DC52C465B17007E1149 /* Frameworks */ = {
			isa = PBXFrameworksBuildPhase;
			buildActionMask = 2147483647;
			files = (
			);
			runOnlyForDeploymentPostprocessing = 0;
		};
/* End PBXFrameworksBuildPhase section */

/* Begin PBXGroup section */
		424C1DBF2C465B16007E1149 = {
			isa = PBXGroup;
			children = (
				424C1DCA2C465B17007E1149 /* EwaTestTask */,
				424C1DC92C465B17007E1149 /* Products */,
			);
			sourceTree = "<group>";
		};
		424C1DC92C465B17007E1149 /* Products */ = {
			isa = PBXGroup;
			children = (
				424C1DC82C465B17007E1149 /* EwaTestTask.app */,
			);
			name = Products;
			sourceTree = "<group>";
		};
		424C1DCA2C465B17007E1149 /* EwaTestTask */ = {
			isa = PBXGroup;
			children = (
				424C1DCB2C465B17007E1149 /* EwaTestTaskApp.swift */,
				424C1DCD2C465B17007E1149 /* ContentView.swift */,
				424C1DE72C4678FE007E1149 /* DebugInterfaceView */,
				424C1DD92C465B56007E1149 /* PrizeWheelView */,
				424C1DCF2C465B18007E1149 /* Assets.xcassets */,
				424C1DD12C465B18007E1149 /* Preview Content */,
			);
			path = EwaTestTask;
			sourceTree = "<group>";
		};
		424C1DD12C465B18007E1149 /* Preview Content */ = {
			isa = PBXGroup;
			children = (
				424C1DD22C465B18007E1149 /* Preview Assets.xcassets */,
			);
			path = "Preview Content";
			sourceTree = "<group>";
		};
		424C1DD92C465B56007E1149 /* PrizeWheelView */ = {
			isa = PBXGroup;
			children = (
				424C1DDA2C465B61007E1149 /* PrizeWheelView.swift */,
				424C1DDC2C465B80007E1149 /* PrizeWheelViewModel.swift */,
				424C1DEC2C46794F007E1149 /* Helper */,
			);
			path = PrizeWheelView;
			sourceTree = "<group>";
		};
		424C1DE72C4678FE007E1149 /* DebugInterfaceView */ = {
			isa = PBXGroup;
			children = (
				424C1DE82C467926007E1149 /* DebugInterfaceView.swift */,
				424C1DEA2C467944007E1149 /* DayCounter.swift */,
			);
			path = DebugInterfaceView;
			sourceTree = "<group>";
		};
		424C1DEC2C46794F007E1149 /* Helper */ = {
			isa = PBXGroup;
			children = (
				424C1DED2C467960007E1149 /* BaseButton.swift */,
			);
			path = Helper;
			sourceTree = "<group>";
		};
/* End PBXGroup section */

/* Begin PBXNativeTarget section */
		424C1DC72C465B17007E1149 /* EwaTestTask */ = {
			isa = PBXNativeTarget;
			buildConfigurationList = 424C1DD62C465B18007E1149 /* Build configuration list for PBXNativeTarget "EwaTestTask" */;
			buildPhases = (
				424C1DC42C465B17007E1149 /* Sources */,
				424C1DC52C465B17007E1149 /* Frameworks */,
				424C1DC62C465B17007E1149 /* Resources */,
			);
			buildRules = (
			);
			dependencies = (
			);
			name = EwaTestTask;
			productName = EwaTestTask;
			productReference = 424C1DC82C465B17007E1149 /* EwaTestTask.app */;
			productType = "com.apple.product-type.application";
		};
/* End PBXNativeTarget section */

/* Begin PBXProject section */
		424C1DC02C465B16007E1149 /* Project object */ = {
			isa = PBXProject;
			attributes = {
				BuildIndependentTargetsInParallel = 1;
				LastSwiftUpdateCheck = 1540;
				LastUpgradeCheck = 1540;
				TargetAttributes = {
					424C1DC72C465B17007E1149 = {
						CreatedOnToolsVersion = 15.4;
					};
				};
			};
			buildConfigurationList = 424C1DC32C465B16007E1149 /* Build configuration list for PBXProject "EwaTestTask" */;
			compatibilityVersion = "Xcode 14.0";
			developmentRegion = en;
			hasScannedForEncodings = 0;
			knownRegions = (
				en,
				Base,
			);
			mainGroup = 424C1DBF2C465B16007E1149;
			productRefGroup = 424C1DC92C465B17007E1149 /* Products */;
			projectDirPath = "";
			projectRoot = "";
			targets = (
				424C1DC72C465B17007E1149 /* EwaTestTask */,
			);
		};
/* End PBXProject section */

/* Begin PBXResourcesBuildPhase section */
		424C1DC62C465B17007E1149 /* Resources */ = {
			isa = PBXResourcesBuildPhase;
			buildActionMask = 2147483647;
			files = (
				424C1DD32C465B18007E1149 /* Preview Assets.xcassets in Resources */,
				424C1DD02C465B18007E1149 /* Assets.xcassets in Resources */,
			);
			runOnlyForDeploymentPostprocessing = 0;
		};
/* End PBXResourcesBuildPhase section */

/* Begin PBXSourcesBuildPhase section */
		424C1DC42C465B17007E1149 /* Sources */ = {
			isa = PBXSourcesBuildPhase;
			buildActionMask = 2147483647;
			files = (
				424C1DE92C467926007E1149 /* DebugInterfaceView.swift in Sources */,
				424C1DCE2C465B17007E1149 /* ContentView.swift in Sources */,
				424C1DCC2C465B17007E1149 /* EwaTestTaskApp.swift in Sources */,
				424C1DEE2C467960007E1149 /* BaseButton.swift in Sources */,
				424C1DDB2C465B61007E1149 /* PrizeWheelView.swift in Sources */,
				424C1DDD2C465B80007E1149 /* PrizeWheelViewModel.swift in Sources */,
				424C1DEB2C467944007E1149 /* DayCounter.swift in Sources */,
			);
			runOnlyForDeploymentPostprocessing = 0;
		};
/* End PBXSourcesBuildPhase section */

/* Begin XCBuildConfiguration section */
		424C1DD42C465B18007E1149 /* Debug */ = {
			isa = XCBuildConfiguration;
			buildSettings = {
				ALWAYS_SEARCH_USER_PATHS = NO;
				ASSETCATALOG_COMPILER_GENERATE_SWIFT_ASSET_SYMBOL_EXTENSIONS = YES;
				CLANG_ANALYZER_NONNULL = YES;
				CLANG_ANALYZER_NUMBER_OBJECT_CONVERSION = YES_AGGRESSIVE;
				CLANG_CXX_LANGUAGE_STANDARD = "gnu++20";
				CLANG_ENABLE_MODULES = YES;
				CLANG_ENABLE_OBJC_ARC = YES;
				CLANG_ENABLE_OBJC_WEAK = YES;
				CLANG_WARN_BLOCK_CAPTURE_AUTORELEASING = YES;
				CLANG_WARN_BOOL_CONVERSION = YES;
				CLANG_WARN_COMMA = YES;
				CLANG_WARN_CONSTANT_CONVERSION = YES;
				CLANG_WARN_DEPRECATED_OBJC_IMPLEMENTATIONS = YES;
				CLANG_WARN_DIRECT_OBJC_ISA_USAGE = YES_ERROR;
				CLANG_WARN_DOCUMENTATION_COMMENTS = YES;
				CLANG_WARN_EMPTY_BODY = YES;
				CLANG_WARN_ENUM_CONVERSION = YES;
				CLANG_WARN_INFINITE_RECURSION = YES;
				CLANG_WARN_INT_CONVERSION = YES;
				CLANG_WARN_NON_LITERAL_NULL_CONVERSION = YES;
				CLANG_WARN_OBJC_IMPLICIT_RETAIN_SELF = YES;
				CLANG_WARN_OBJC_LITERAL_CONVERSION = YES;
				CLANG_WARN_OBJC_ROOT_CLASS = YES_ERROR;
				CLANG_WARN_QUOTED_INCLUDE_IN_FRAMEWORK_HEADER = YES;
				CLANG_WARN_RANGE_LOOP_ANALYSIS = YES;
				CLANG_WARN_STRICT_PROTOTYPES = YES;
				CLANG_WARN_SUSPICIOUS_MOVE = YES;
				CLANG_WARN_UNGUARDED_AVAILABILITY = YES_AGGRESSIVE;
				CLANG_WARN_UNREACHABLE_CODE = YES;
				CLANG_WARN__DUPLICATE_METHOD_MATCH = YES;
				COPY_PHASE_STRIP = NO;
				DEBUG_INFORMATION_FORMAT = dwarf;
				ENABLE_STRICT_OBJC_MSGSEND = YES;
				ENABLE_TESTABILITY = YES;
				ENABLE_USER_SCRIPT_SANDBOXING = YES;
				GCC_C_LANGUAGE_STANDARD = gnu17;
				GCC_DYNAMIC_NO_PIC = NO;
				GCC_NO_COMMON_BLOCKS = YES;
				GCC_OPTIMIZATION_LEVEL = 0;
				GCC_PREPROCESSOR_DEFINITIONS = (
					"DEBUG=1",
					"$(inherited)",
				);
				GCC_WARN_64_TO_32_BIT_CONVERSION = YES;
				GCC_WARN_ABOUT_RETURN_TYPE = YES_ERROR;
				GCC_WARN_UNDECLARED_SELECTOR = YES;
				GCC_WARN_UNINITIALIZED_AUTOS = YES_AGGRESSIVE;
				GCC_WARN_UNUSED_FUNCTION = YES;
				GCC_WARN_UNUSED_VARIABLE = YES;
				IPHONEOS_DEPLOYMENT_TARGET = 16.0;
				LOCALIZATION_PREFERS_STRING_CATALOGS = YES;
				MTL_ENABLE_DEBUG_INFO = INCLUDE_SOURCE;
				MTL_FAST_MATH = YES;
				ONLY_ACTIVE_ARCH = YES;
				SDKROOT = iphoneos;
				SWIFT_ACTIVE_COMPILATION_CONDITIONS = "DEBUG $(inherited)";
				SWIFT_OPTIMIZATION_LEVEL = "-Onone";
			};
			name = Debug;
		};
		424C1DD52C465B18007E1149 /* Release */ = {
			isa = XCBuildConfiguration;
			buildSettings = {
				ALWAYS_SEARCH_USER_PATHS = NO;
				ASSETCATALOG_COMPILER_GENERATE_SWIFT_ASSET_SYMBOL_EXTENSIONS = YES;
				CLANG_ANALYZER_NONNULL = YES;
				CLANG_ANALYZER_NUMBER_OBJECT_CONVERSION = YES_AGGRESSIVE;
				CLANG_CXX_LANGUAGE_STANDARD = "gnu++20";
				CLANG_ENABLE_MODULES = YES;
				CLANG_ENABLE_OBJC_ARC = YES;
				CLANG_ENABLE_OBJC_WEAK = YES;
				CLANG_WARN_BLOCK_CAPTURE_AUTORELEASING = YES;
				CLANG_WARN_BOOL_CONVERSION = YES;
				CLANG_WARN_COMMA = YES;
				CLANG_WARN_CONSTANT_CONVERSION = YES;
				CLANG_WARN_DEPRECATED_OBJC_IMPLEMENTATIONS = YES;
				CLANG_WARN_DIRECT_OBJC_ISA_USAGE = YES_ERROR;
				CLANG_WARN_DOCUMENTATION_COMMENTS = YES;
				CLANG_WARN_EMPTY_BODY = YES;
				CLANG_WARN_ENUM_CONVERSION = YES;
				CLANG_WARN_INFINITE_RECURSION = YES;
				CLANG_WARN_INT_CONVERSION = YES;
				CLANG_WARN_NON_LITERAL_NULL_CONVERSION = YES;
				CLANG_WARN_OBJC_IMPLICIT_RETAIN_SELF = YES;
				CLANG_WARN_OBJC_LITERAL_CONVERSION = YES;
				CLANG_WARN_OBJC_ROOT_CLASS = YES_ERROR;
				CLANG_WARN_QUOTED_INCLUDE_IN_FRAMEWORK_HEADER = YES;
				CLANG_WARN_RANGE_LOOP_ANALYSIS = YES;
				CLANG_WARN_STRICT_PROTOTYPES = YES;
				CLANG_WARN_SUSPICIOUS_MOVE = YES;
				CLANG_WARN_UNGUARDED_AVAILABILITY = YES_AGGRESSIVE;
				CLANG_WARN_UNREACHABLE_CODE = YES;
				CLANG_WARN__DUPLICATE_METHOD_MATCH = YES;
				COPY_PHASE_STRIP = NO;
				DEBUG_INFORMATION_FORMAT = "dwarf-with-dsym";
				ENABLE_NS_ASSERTIONS = NO;
				ENABLE_STRICT_OBJC_MSGSEND = YES;
				ENABLE_USER_SCRIPT_SANDBOXING = YES;
				GCC_C_LANGUAGE_STANDARD = gnu17;
				GCC_NO_COMMON_BLOCKS = YES;
				GCC_WARN_64_TO_32_BIT_CONVERSION = YES;
				GCC_WARN_ABOUT_RETURN_TYPE = YES_ERROR;
				GCC_WARN_UNDECLARED_SELECTOR = YES;
				GCC_WARN_UNINITIALIZED_AUTOS = YES_AGGRESSIVE;
				GCC_WARN_UNUSED_FUNCTION = YES;
				GCC_WARN_UNUSED_VARIABLE = YES;
				IPHONEOS_DEPLOYMENT_TARGET = 16.0;
				LOCALIZATION_PREFERS_STRING_CATALOGS = YES;
				MTL_ENABLE_DEBUG_INFO = NO;
				MTL_FAST_MATH = YES;
				SDKROOT = iphoneos;
				SWIFT_COMPILATION_MODE = wholemodule;
				VALIDATE_PRODUCT = YES;
			};
			name = Release;
		};
		424C1DD72C465B18007E1149 /* Debug */ = {
			isa = XCBuildConfiguration;
			buildSettings = {
				ASSETCATALOG_COMPILER_APPICON_NAME = AppIcon;
				ASSETCATALOG_COMPILER_GLOBAL_ACCENT_COLOR_NAME = AccentColor;
				CODE_SIGN_STYLE = Automatic;
				CURRENT_PROJECT_VERSION = 1;
				DEVELOPMENT_ASSET_PATHS = "\"EwaTestTask/Preview Content\"";
				DEVELOPMENT_TEAM = 5C3RTUTT2M;
				ENABLE_PREVIEWS = YES;
				GENERATE_INFOPLIST_FILE = YES;
				INFOPLIST_KEY_UIApplicationSceneManifest_Generation = YES;
				INFOPLIST_KEY_UIApplicationSupportsIndirectInputEvents = YES;
				INFOPLIST_KEY_UILaunchScreen_Generation = YES;
				INFOPLIST_KEY_UISupportedInterfaceOrientations_iPad = "UIInterfaceOrientationPortrait UIInterfaceOrientationPortraitUpsideDown UIInterfaceOrientationLandscapeLeft UIInterfaceOrientationLandscapeRight";
				INFOPLIST_KEY_UISupportedInterfaceOrientations_iPhone = "UIInterfaceOrientationPortrait UIInterfaceOrientationLandscapeLeft UIInterfaceOrientationLandscapeRight";
				LD_RUNPATH_SEARCH_PATHS = (
					"$(inherited)",
					"@executable_path/Frameworks",
				);
				MARKETING_VERSION = 1.0;
				PRODUCT_BUNDLE_IDENTIFIER = "alexander-sivko.EwaTestTask";
				PRODUCT_NAME = "$(TARGET_NAME)";
				SUPPORTED_PLATFORMS = "iphoneos iphonesimulator";
				SUPPORTS_MACCATALYST = NO;
				SUPPORTS_MAC_DESIGNED_FOR_IPHONE_IPAD = NO;
				SUPPORTS_XR_DESIGNED_FOR_IPHONE_IPAD = NO;
				SWIFT_EMIT_LOC_STRINGS = YES;
				SWIFT_VERSION = 5.0;
				TARGETED_DEVICE_FAMILY = "1,2";
			};
			name = Debug;
		};
		424C1DD82C465B18007E1149 /* Release */ = {
			isa = XCBuildConfiguration;
			buildSettings = {
				ASSETCATALOG_COMPILER_APPICON_NAME = AppIcon;
				ASSETCATALOG_COMPILER_GLOBAL_ACCENT_COLOR_NAME = AccentColor;
				CODE_SIGN_STYLE = Automatic;
				CURRENT_PROJECT_VERSION = 1;
				DEVELOPMENT_ASSET_PATHS = "\"EwaTestTask/Preview Content\"";
				DEVELOPMENT_TEAM = 5C3RTUTT2M;
				ENABLE_PREVIEWS = YES;
				GENERATE_INFOPLIST_FILE = YES;
				INFOPLIST_KEY_UIApplicationSceneManifest_Generation = YES;
				INFOPLIST_KEY_UIApplicationSupportsIndirectInputEvents = YES;
				INFOPLIST_KEY_UILaunchScreen_Generation = YES;
				INFOPLIST_KEY_UISupportedInterfaceOrientations_iPad = "UIInterfaceOrientationPortrait UIInterfaceOrientationPortraitUpsideDown UIInterfaceOrientationLandscapeLeft UIInterfaceOrientationLandscapeRight";
				INFOPLIST_KEY_UISupportedInterfaceOrientations_iPhone = "UIInterfaceOrientationPortrait UIInterfaceOrientationLandscapeLeft UIInterfaceOrientationLandscapeRight";
				LD_RUNPATH_SEARCH_PATHS = (
					"$(inherited)",
					"@executable_path/Frameworks",
				);
				MARKETING_VERSION = 1.0;
				PRODUCT_BUNDLE_IDENTIFIER = "alexander-sivko.EwaTestTask";
				PRODUCT_NAME = "$(TARGET_NAME)";
				SUPPORTED_PLATFORMS = "iphoneos iphonesimulator";
				SUPPORTS_MACCATALYST = NO;
				SUPPORTS_MAC_DESIGNED_FOR_IPHONE_IPAD = NO;
				SUPPORTS_XR_DESIGNED_FOR_IPHONE_IPAD = NO;
				SWIFT_EMIT_LOC_STRINGS = YES;
				SWIFT_VERSION = 5.0;
				TARGETED_DEVICE_FAMILY = "1,2";
			};
			name = Release;
		};
/* End XCBuildConfiguration section */

/* Begin XCConfigurationList section */
		424C1DC32C465B16007E1149 /* Build configuration list for PBXProject "EwaTestTask" */ = {
			isa = XCConfigurationList;
			buildConfigurations = (
				424C1DD42C465B18007E1149 /* Debug */,
				424C1DD52C465B18007E1149 /* Release */,
			);
			defaultConfigurationIsVisible = 0;
			defaultConfigurationName = Release;
		};
		424C1DD62C465B18007E1149 /* Build configuration list for PBXNativeTarget "EwaTestTask" */ = {
			isa = XCConfigurationList;
			buildConfigurations = (
				424C1DD72C465B18007E1149 /* Debug */,
				424C1DD82C465B18007E1149 /* Release */,
			);
			defaultConfigurationIsVisible = 0;
			defaultConfigurationName = Release;
		};
/* End XCConfigurationList section */
	};
	rootObject = 424C1DC02C465B16007E1149 /* Project object */;
}
